// !$*UTF8*$!
{
	archiveVersion = 1;
	classes = {
	};
	objectVersion = 50;
	objects = {

/* Begin PBXBuildFile section */
		2B4F9E5115E1874AEDC2DEF6 /* Pods_RG2.framework in Frameworks */ = {isa = PBXBuildFile; fileRef = 9823C93373549609456210EB /* Pods_RG2.framework */; };
		3A04B4C221B8FEE9006642B6 /* Reach.swift in Sources */ = {isa = PBXBuildFile; fileRef = 3A04B4C121B8FEE9006642B6 /* Reach.swift */; };
		3A04B4C521B94809006642B6 /* MyURLProtocol.swift in Sources */ = {isa = PBXBuildFile; fileRef = 3A04B4C421B94809006642B6 /* MyURLProtocol.swift */; };
		3A08AF8F21B7BB7B00790759 /* StringExt.swift in Sources */ = {isa = PBXBuildFile; fileRef = 3A08AF8E21B7BB7B00790759 /* StringExt.swift */; };
		3A1B71DF21CBF6F4002F8EE6 /* BasicTableViewCell.swift in Sources */ = {isa = PBXBuildFile; fileRef = 3A1B71DE21CBF6F4002F8EE6 /* BasicTableViewCell.swift */; };
		3A1CE06221DBF53D001677A9 /* Oll.swift in Sources */ = {isa = PBXBuildFile; fileRef = 3A1CE06121DBF53D001677A9 /* Oll.swift */; };
		3A1EDE3421FB2292007406C5 /* Container.swift in Sources */ = {isa = PBXBuildFile; fileRef = 3A1EDE3321FB2292007406C5 /* Container.swift */; };
		3A255BE421B1A1EB002FA07B /* AppDelegate.swift in Sources */ = {isa = PBXBuildFile; fileRef = 3A255BE321B1A1EB002FA07B /* AppDelegate.swift */; };
		3A255BE921B1A1EB002FA07B /* Main.storyboard in Resources */ = {isa = PBXBuildFile; fileRef = 3A255BE721B1A1EB002FA07B /* Main.storyboard */; };
		3A255BEB21B1A1EB002FA07B /* Assets.xcassets in Resources */ = {isa = PBXBuildFile; fileRef = 3A255BEA21B1A1EB002FA07B /* Assets.xcassets */; };
		3A255BEE21B1A1EB002FA07B /* LaunchScreen.storyboard in Resources */ = {isa = PBXBuildFile; fileRef = 3A255BEC21B1A1EB002FA07B /* LaunchScreen.storyboard */; };
		3A255BF721B1BA1E002FA07B /* MainTableViewController.swift in Sources */ = {isa = PBXBuildFile; fileRef = 3A255BF621B1BA1E002FA07B /* MainTableViewController.swift */; };
		3A255BF921B1BA32002FA07B /* MainTableViewCell.swift in Sources */ = {isa = PBXBuildFile; fileRef = 3A255BF821B1BA32002FA07B /* MainTableViewCell.swift */; };
		3A255BFC21B1BD76002FA07B /* Begin3x3.swift in Sources */ = {isa = PBXBuildFile; fileRef = 3A255BFB21B1BD76002FA07B /* Begin3x3.swift */; };
		3A255BFE21B1BDA5002FA07B /* MainMenu.swift in Sources */ = {isa = PBXBuildFile; fileRef = 3A255BFD21B1BDA5002FA07B /* MainMenu.swift */; };
		3A255C0121B1BDDC002FA07B /* ListPager.swift in Sources */ = {isa = PBXBuildFile; fileRef = 3A255C0021B1BDDC002FA07B /* ListPager.swift */; };
		3A255C0321B1BDFA002FA07B /* ListPagerLab.swift in Sources */ = {isa = PBXBuildFile; fileRef = 3A255C0221B1BDFA002FA07B /* ListPagerLab.swift */; };
		3A25733221C6A6E6002E6EE9 /* LabelExt.swift in Sources */ = {isa = PBXBuildFile; fileRef = 3A25733121C6A6E6002E6EE9 /* LabelExt.swift */; };
		3A25733421C6C2C4002E6EE9 /* Blind.swift in Sources */ = {isa = PBXBuildFile; fileRef = 3A25733321C6C2C4002E6EE9 /* Blind.swift */; };
		3A25733621C6D551002E6EE9 /* UIImageExt.swift in Sources */ = {isa = PBXBuildFile; fileRef = 3A25733521C6D551002E6EE9 /* UIImageExt.swift */; };
		3A362AE021B2EF1E006FEF66 /* PagerItemViewController.swift in Sources */ = {isa = PBXBuildFile; fileRef = 3A362ADF21B2EF1E006FEF66 /* PagerItemViewController.swift */; };
		3A37F1AE21C81E4100A79C8F /* Accel.swift in Sources */ = {isa = PBXBuildFile; fileRef = 3A37F1AD21C81E4100A79C8F /* Accel.swift */; };
		3A45FE0B22343E9800DED75E /* Cylinder.swift in Sources */ = {isa = PBXBuildFile; fileRef = 3A45FE0A22343E9800DED75E /* Cylinder.swift */; };
		3A4B193821BF9A3500CB6F4D /* ListPagerViewController.swift in Sources */ = {isa = PBXBuildFile; fileRef = 3A4B193721BF9A3500CB6F4D /* ListPagerViewController.swift */; };
		3A4B193D21BFB33800CB6F4D /* Rozov3x3.swift in Sources */ = {isa = PBXBuildFile; fileRef = 3A4B193C21BFB33800CB6F4D /* Rozov3x3.swift */; };
		3A4B193F21BFB66A00CB6F4D /* Blank.swift in Sources */ = {isa = PBXBuildFile; fileRef = 3A4B193E21BFB66A00CB6F4D /* Blank.swift */; };
		3A4E692D21C122040013EFA0 /* G2F.swift in Sources */ = {isa = PBXBuildFile; fileRef = 3A4E692C21C122040013EFA0 /* G2F.swift */; };
		3A4E692F21C13B220013EFA0 /* Recomendation.swift in Sources */ = {isa = PBXBuildFile; fileRef = 3A4E692E21C13B220013EFA0 /* Recomendation.swift */; };
		3A52C2C421D39BE600DF5E1D /* Pll.swift in Sources */ = {isa = PBXBuildFile; fileRef = 3A52C2C321D39BE600DF5E1D /* Pll.swift */; };
		3A66393721D2145100D452D0 /* Cross.swift in Sources */ = {isa = PBXBuildFile; fileRef = 3A66393621D2145100D452D0 /* Cross.swift */; };
		3A66393921D26C9100D452D0 /* IntF2L.swift in Sources */ = {isa = PBXBuildFile; fileRef = 3A66393821D26C9100D452D0 /* IntF2L.swift */; };
		3A6A02DB21CA5B26002D368E /* basic_3x3.swift in Sources */ = {isa = PBXBuildFile; fileRef = 3A6A02DA21CA5B26002D368E /* basic_3x3.swift */; };
		3A6A02E221CA654C002D368E /* BasicMovesViewController.swift in Sources */ = {isa = PBXBuildFile; fileRef = 3A6A02E121CA654C002D368E /* BasicMovesViewController.swift */; };
		3A73E22B21CCD7F3004648F2 /* BasicMoves.storyboard in Resources */ = {isa = PBXBuildFile; fileRef = 3A73E22A21CCD7F3004648F2 /* BasicMoves.storyboard */; };
		3A73E22F21CCE1FB004648F2 /* ListPager.storyboard in Resources */ = {isa = PBXBuildFile; fileRef = 3A73E22E21CCE1FB004648F2 /* ListPager.storyboard */; };
		3A9A45632209832800BA1423 /* Fisher.swift in Sources */ = {isa = PBXBuildFile; fileRef = 3A9A45622209832800BA1423 /* Fisher.swift */; };
		3AAF1F2421C28F3900FC7632 /* Patterns.swift in Sources */ = {isa = PBXBuildFile; fileRef = 3AAF1F2321C28F3900FC7632 /* Patterns.swift */; };
		3AB878DE2212DC9500BDF3D1 /* gear.swift in Sources */ = {isa = PBXBuildFile; fileRef = 3AB878DD2212DC9500BDF3D1 /* gear.swift */; };
		3AD59E2A21F38404007C4888 /* Pentacle.swift in Sources */ = {isa = PBXBuildFile; fileRef = 3AD59E2921F38404007C4888 /* Pentacle.swift */; };
		3AE124CA2226BCA200524345 /* Prisma.swift in Sources */ = {isa = PBXBuildFile; fileRef = 3AE124C92226BCA200524345 /* Prisma.swift */; };
/* End PBXBuildFile section */

/* Begin PBXBuildRule section */
		3A0A0D1021B4F7E300E6707C /* PBXBuildRule */ = {
			isa = PBXBuildRule;
			compilerSpec = com.apple.compilers.proxy.script;
			fileType = pattern.proxy;
			isEditable = 1;
			outputFiles = (
			);
			script = "# Type a script or drag a script file from your workspace to insert its path.\n";
		};
/* End PBXBuildRule section */

/* Begin PBXFileReference section */
		3A04B4C121B8FEE9006642B6 /* Reach.swift */ = {isa = PBXFileReference; lastKnownFileType = sourcecode.swift; path = Reach.swift; sourceTree = "<group>"; };
		3A04B4C421B94809006642B6 /* MyURLProtocol.swift */ = {isa = PBXFileReference; lastKnownFileType = sourcecode.swift; path = MyURLProtocol.swift; sourceTree = "<group>"; };
		3A08AF8E21B7BB7B00790759 /* StringExt.swift */ = {isa = PBXFileReference; lastKnownFileType = sourcecode.swift; path = StringExt.swift; sourceTree = "<group>"; };
		3A1B71DE21CBF6F4002F8EE6 /* BasicTableViewCell.swift */ = {isa = PBXFileReference; lastKnownFileType = sourcecode.swift; path = BasicTableViewCell.swift; sourceTree = "<group>"; };
		3A1CE06121DBF53D001677A9 /* Oll.swift */ = {isa = PBXFileReference; lastKnownFileType = sourcecode.swift; path = Oll.swift; sourceTree = "<group>"; };
		3A1EDE3321FB2292007406C5 /* Container.swift */ = {isa = PBXFileReference; lastKnownFileType = sourcecode.swift; path = Container.swift; sourceTree = "<group>"; };
		3A255BE021B1A1EB002FA07B /* RG2.app */ = {isa = PBXFileReference; explicitFileType = wrapper.application; includeInIndex = 0; path = RG2.app; sourceTree = BUILT_PRODUCTS_DIR; };
		3A255BE321B1A1EB002FA07B /* AppDelegate.swift */ = {isa = PBXFileReference; lastKnownFileType = sourcecode.swift; path = AppDelegate.swift; sourceTree = "<group>"; };
		3A255BE821B1A1EB002FA07B /* Base */ = {isa = PBXFileReference; lastKnownFileType = file.storyboard; name = Base; path = Base.lproj/Main.storyboard; sourceTree = "<group>"; };
		3A255BEA21B1A1EB002FA07B /* Assets.xcassets */ = {isa = PBXFileReference; lastKnownFileType = folder.assetcatalog; path = Assets.xcassets; sourceTree = "<group>"; };
		3A255BED21B1A1EB002FA07B /* Base */ = {isa = PBXFileReference; lastKnownFileType = file.storyboard; name = Base; path = Base.lproj/LaunchScreen.storyboard; sourceTree = "<group>"; };
		3A255BEF21B1A1EB002FA07B /* Info.plist */ = {isa = PBXFileReference; lastKnownFileType = text.plist.xml; path = Info.plist; sourceTree = "<group>"; };
		3A255BF621B1BA1E002FA07B /* MainTableViewController.swift */ = {isa = PBXFileReference; lastKnownFileType = sourcecode.swift; path = MainTableViewController.swift; sourceTree = "<group>"; };
		3A255BF821B1BA32002FA07B /* MainTableViewCell.swift */ = {isa = PBXFileReference; lastKnownFileType = sourcecode.swift; path = MainTableViewCell.swift; sourceTree = "<group>"; };
		3A255BFB21B1BD76002FA07B /* Begin3x3.swift */ = {isa = PBXFileReference; lastKnownFileType = sourcecode.swift; path = Begin3x3.swift; sourceTree = "<group>"; };
		3A255BFD21B1BDA5002FA07B /* MainMenu.swift */ = {isa = PBXFileReference; lastKnownFileType = sourcecode.swift; path = MainMenu.swift; sourceTree = "<group>"; };
		3A255C0021B1BDDC002FA07B /* ListPager.swift */ = {isa = PBXFileReference; lastKnownFileType = sourcecode.swift; path = ListPager.swift; sourceTree = "<group>"; };
		3A255C0221B1BDFA002FA07B /* ListPagerLab.swift */ = {isa = PBXFileReference; lastKnownFileType = sourcecode.swift; path = ListPagerLab.swift; sourceTree = "<group>"; };
		3A25733121C6A6E6002E6EE9 /* LabelExt.swift */ = {isa = PBXFileReference; lastKnownFileType = sourcecode.swift; path = LabelExt.swift; sourceTree = "<group>"; };
		3A25733321C6C2C4002E6EE9 /* Blind.swift */ = {isa = PBXFileReference; lastKnownFileType = sourcecode.swift; path = Blind.swift; sourceTree = "<group>"; };
		3A25733521C6D551002E6EE9 /* UIImageExt.swift */ = {isa = PBXFileReference; lastKnownFileType = sourcecode.swift; path = UIImageExt.swift; sourceTree = "<group>"; };
		3A362ADF21B2EF1E006FEF66 /* PagerItemViewController.swift */ = {isa = PBXFileReference; lastKnownFileType = sourcecode.swift; path = PagerItemViewController.swift; sourceTree = "<group>"; };
		3A37F1AD21C81E4100A79C8F /* Accel.swift */ = {isa = PBXFileReference; lastKnownFileType = sourcecode.swift; path = Accel.swift; sourceTree = "<group>"; };
		3A45FE0A22343E9800DED75E /* Cylinder.swift */ = {isa = PBXFileReference; lastKnownFileType = sourcecode.swift; path = Cylinder.swift; sourceTree = "<group>"; };
		3A4B193721BF9A3500CB6F4D /* ListPagerViewController.swift */ = {isa = PBXFileReference; lastKnownFileType = sourcecode.swift; path = ListPagerViewController.swift; sourceTree = "<group>"; };
		3A4B193C21BFB33800CB6F4D /* Rozov3x3.swift */ = {isa = PBXFileReference; lastKnownFileType = sourcecode.swift; path = Rozov3x3.swift; sourceTree = "<group>"; };
		3A4B193E21BFB66A00CB6F4D /* Blank.swift */ = {isa = PBXFileReference; lastKnownFileType = sourcecode.swift; path = Blank.swift; sourceTree = "<group>"; };
		3A4E692C21C122040013EFA0 /* G2F.swift */ = {isa = PBXFileReference; lastKnownFileType = sourcecode.swift; path = G2F.swift; sourceTree = "<group>"; };
		3A4E692E21C13B220013EFA0 /* Recomendation.swift */ = {isa = PBXFileReference; lastKnownFileType = sourcecode.swift; path = Recomendation.swift; sourceTree = "<group>"; };
		3A52C2C321D39BE600DF5E1D /* Pll.swift */ = {isa = PBXFileReference; lastKnownFileType = sourcecode.swift; path = Pll.swift; sourceTree = "<group>"; };
		3A66393621D2145100D452D0 /* Cross.swift */ = {isa = PBXFileReference; lastKnownFileType = sourcecode.swift; path = Cross.swift; sourceTree = "<group>"; };
		3A66393821D26C9100D452D0 /* IntF2L.swift */ = {isa = PBXFileReference; lastKnownFileType = sourcecode.swift; path = IntF2L.swift; sourceTree = "<group>"; };
		3A6A02DA21CA5B26002D368E /* basic_3x3.swift */ = {isa = PBXFileReference; lastKnownFileType = sourcecode.swift; path = basic_3x3.swift; sourceTree = "<group>"; };
		3A6A02E121CA654C002D368E /* BasicMovesViewController.swift */ = {isa = PBXFileReference; lastKnownFileType = sourcecode.swift; path = BasicMovesViewController.swift; sourceTree = "<group>"; };
		3A73E22A21CCD7F3004648F2 /* BasicMoves.storyboard */ = {isa = PBXFileReference; fileEncoding = 4; lastKnownFileType = file.storyboard; path = BasicMoves.storyboard; sourceTree = "<group>"; };
		3A73E22E21CCE1FB004648F2 /* ListPager.storyboard */ = {isa = PBXFileReference; fileEncoding = 4; lastKnownFileType = file.storyboard; path = ListPager.storyboard; sourceTree = "<group>"; };
		3A9A45622209832800BA1423 /* Fisher.swift */ = {isa = PBXFileReference; lastKnownFileType = sourcecode.swift; path = Fisher.swift; sourceTree = "<group>"; };
		3AAF1F2321C28F3900FC7632 /* Patterns.swift */ = {isa = PBXFileReference; lastKnownFileType = sourcecode.swift; path = Patterns.swift; sourceTree = "<group>"; };
		3AB878DD2212DC9500BDF3D1 /* gear.swift */ = {isa = PBXFileReference; lastKnownFileType = sourcecode.swift; path = gear.swift; sourceTree = "<group>"; };
		3AD59E2921F38404007C4888 /* Pentacle.swift */ = {isa = PBXFileReference; lastKnownFileType = sourcecode.swift; path = Pentacle.swift; sourceTree = "<group>"; };
		3AE124C92226BCA200524345 /* Prisma.swift */ = {isa = PBXFileReference; lastKnownFileType = sourcecode.swift; path = Prisma.swift; sourceTree = "<group>"; };
		9823C93373549609456210EB /* Pods_RG2.framework */ = {isa = PBXFileReference; explicitFileType = wrapper.framework; includeInIndex = 0; path = Pods_RG2.framework; sourceTree = BUILT_PRODUCTS_DIR; };
		E7723AC2BA69F48D95FE7BA9 /* Pods-RG2.debug.xcconfig */ = {isa = PBXFileReference; includeInIndex = 1; lastKnownFileType = text.xcconfig; name = "Pods-RG2.debug.xcconfig"; path = "Pods/Target Support Files/Pods-RG2/Pods-RG2.debug.xcconfig"; sourceTree = "<group>"; };
		F57566168E6668C69C9AE973 /* Pods-RG2.release.xcconfig */ = {isa = PBXFileReference; includeInIndex = 1; lastKnownFileType = text.xcconfig; name = "Pods-RG2.release.xcconfig"; path = "Pods/Target Support Files/Pods-RG2/Pods-RG2.release.xcconfig"; sourceTree = "<group>"; };
/* End PBXFileReference section */

/* Begin PBXFrameworksBuildPhase section */
		3A255BDD21B1A1EB002FA07B /* Frameworks */ = {
			isa = PBXFrameworksBuildPhase;
			buildActionMask = 2147483647;
			files = (
				2B4F9E5115E1874AEDC2DEF6 /* Pods_RG2.framework in Frameworks */,
			);
			runOnlyForDeploymentPostprocessing = 0;
		};
/* End PBXFrameworksBuildPhase section */

/* Begin PBXGroup section */
		1A44CCB3C3C6405633E86BAF /* Frameworks */ = {
			isa = PBXGroup;
			children = (
				9823C93373549609456210EB /* Pods_RG2.framework */,
			);
			name = Frameworks;
			sourceTree = "<group>";
		};
		3A08AF8D21B7BB5700790759 /* Util */ = {
			isa = PBXGroup;
			children = (
				3A08AF8E21B7BB7B00790759 /* StringExt.swift */,
				3A25733121C6A6E6002E6EE9 /* LabelExt.swift */,
				3A25733521C6D551002E6EE9 /* UIImageExt.swift */,
				3A04B4C121B8FEE9006642B6 /* Reach.swift */,
			);
			path = Util;
			sourceTree = "<group>";
		};
		3A255BD721B1A1EB002FA07B = {
			isa = PBXGroup;
			children = (
				3A255BE221B1A1EB002FA07B /* RG2 */,
				3A255BE121B1A1EB002FA07B /* Products */,
				C352B84C44B1657EF7EBFF8F /* Pods */,
				1A44CCB3C3C6405633E86BAF /* Frameworks */,
			);
			sourceTree = "<group>";
		};
		3A255BE121B1A1EB002FA07B /* Products */ = {
			isa = PBXGroup;
			children = (
				3A255BE021B1A1EB002FA07B /* RG2.app */,
			);
			name = Products;
			sourceTree = "<group>";
		};
		3A255BE221B1A1EB002FA07B /* RG2 */ = {
			isa = PBXGroup;
			children = (
				3A255BFF21B1BDB2002FA07B /* ListPagerLab */,
				3A255BF521B1B9F0002FA07B /* Controllers */,
				3A08AF8D21B7BB5700790759 /* Util */,
				3A255BFA21B1BD47002FA07B /* Res */,
				3A255BEA21B1A1EB002FA07B /* Assets.xcassets */,
				3A255BEC21B1A1EB002FA07B /* LaunchScreen.storyboard */,
				3A255BE321B1A1EB002FA07B /* AppDelegate.swift */,
				3A255BEF21B1A1EB002FA07B /* Info.plist */,
			);
			path = RG2;
			sourceTree = "<group>";
		};
		3A255BF521B1B9F0002FA07B /* Controllers */ = {
			isa = PBXGroup;
			children = (
				3A6A02DC21CA642E002D368E /* BasicMoves */,
				3A4B193B21BF9AAB00CB6F4D /* MainMenu */,
				3A4B193A21BF9A8600CB6F4D /* ListPager */,
			);
			path = Controllers;
			sourceTree = "<group>";
		};
		3A255BFA21B1BD47002FA07B /* Res */ = {
			isa = PBXGroup;
			children = (
				3A6A02D921CA59EB002D368E /* BasicMoves */,
				3A6A02D721CA593E002D368E /* 3x3 main menu */,
				3A4B193E21BFB66A00CB6F4D /* Blank.swift */,
			);
			path = Res;
			sourceTree = "<group>";
		};
		3A255BFF21B1BDB2002FA07B /* ListPagerLab */ = {
			isa = PBXGroup;
			children = (
				3A255C0021B1BDDC002FA07B /* ListPager.swift */,
				3A255C0221B1BDFA002FA07B /* ListPagerLab.swift */,
			);
			path = ListPagerLab;
			sourceTree = "<group>";
		};
		3A4B193A21BF9A8600CB6F4D /* ListPager */ = {
			isa = PBXGroup;
			children = (
				3A73E22E21CCE1FB004648F2 /* ListPager.storyboard */,
				3A4B193721BF9A3500CB6F4D /* ListPagerViewController.swift */,
				3A362ADF21B2EF1E006FEF66 /* PagerItemViewController.swift */,
				3A04B4C421B94809006642B6 /* MyURLProtocol.swift */,
			);
			path = ListPager;
			sourceTree = "<group>";
		};
		3A4B193B21BF9AAB00CB6F4D /* MainMenu */ = {
			isa = PBXGroup;
			children = (
				3A255BE721B1A1EB002FA07B /* Main.storyboard */,
				3A255BF621B1BA1E002FA07B /* MainTableViewController.swift */,
				3A255BF821B1BA32002FA07B /* MainTableViewCell.swift */,
			);
			path = MainMenu;
			sourceTree = "<group>";
		};
		3A6A02D721CA593E002D368E /* 3x3 main menu */ = {
			isa = PBXGroup;
			children = (
				3A255BFD21B1BDA5002FA07B /* MainMenu.swift */,
				3A4B193C21BFB33800CB6F4D /* Rozov3x3.swift */,
				3A255BFB21B1BD76002FA07B /* Begin3x3.swift */,
				3A6A02D821CA5965002D368E /* G2Fridrich */,
				3A25733321C6C2C4002E6EE9 /* Blind.swift */,
				3AAF1F2321C28F3900FC7632 /* Patterns.swift */,
				3AD59E2921F38404007C4888 /* Pentacle.swift */,
				3A1EDE3321FB2292007406C5 /* Container.swift */,
				3A9A45622209832800BA1423 /* Fisher.swift */,
				3AE124C92226BCA200524345 /* Prisma.swift */,
				3A45FE0A22343E9800DED75E /* Cylinder.swift */,
				3AB878DD2212DC9500BDF3D1 /* gear.swift */,
			);
			path = "3x3 main menu";
			sourceTree = "<group>";
		};
		3A6A02D821CA5965002D368E /* G2Fridrich */ = {
			isa = PBXGroup;
			children = (
				3A4E692C21C122040013EFA0 /* G2F.swift */,
				3A4E692E21C13B220013EFA0 /* Recomendation.swift */,
				3A66393821D26C9100D452D0 /* IntF2L.swift */,
				3A37F1AD21C81E4100A79C8F /* Accel.swift */,
				3A66393621D2145100D452D0 /* Cross.swift */,
				3A52C2C321D39BE600DF5E1D /* Pll.swift */,
				3A1CE06121DBF53D001677A9 /* Oll.swift */,
			);
			path = G2Fridrich;
			sourceTree = "<group>";
		};
		3A6A02D921CA59EB002D368E /* BasicMoves */ = {
			isa = PBXGroup;
			children = (
				3A6A02DA21CA5B26002D368E /* basic_3x3.swift */,
			);
			path = BasicMoves;
			sourceTree = "<group>";
		};
		3A6A02DC21CA642E002D368E /* BasicMoves */ = {
			isa = PBXGroup;
			children = (
				3A73E22A21CCD7F3004648F2 /* BasicMoves.storyboard */,
				3A6A02E121CA654C002D368E /* BasicMovesViewController.swift */,
				3A1B71DE21CBF6F4002F8EE6 /* BasicTableViewCell.swift */,
			);
			path = BasicMoves;
			sourceTree = "<group>";
		};
		C352B84C44B1657EF7EBFF8F /* Pods */ = {
			isa = PBXGroup;
			children = (
				E7723AC2BA69F48D95FE7BA9 /* Pods-RG2.debug.xcconfig */,
				F57566168E6668C69C9AE973 /* Pods-RG2.release.xcconfig */,
			);
			name = Pods;
			sourceTree = "<group>";
		};
/* End PBXGroup section */

/* Begin PBXNativeTarget section */
		3A255BDF21B1A1EB002FA07B /* RG2 */ = {
			isa = PBXNativeTarget;
			buildConfigurationList = 3A255BF221B1A1EB002FA07B /* Build configuration list for PBXNativeTarget "RG2" */;
			buildPhases = (
				0FF5F709BA29C2B62CA277EF /* [CP] Check Pods Manifest.lock */,
				3A255BDC21B1A1EB002FA07B /* Sources */,
				3A255BDD21B1A1EB002FA07B /* Frameworks */,
				3A255BDE21B1A1EB002FA07B /* Resources */,
				A8C4198E66610A9EB8D20329 /* [CP] Embed Pods Frameworks */,
				3A4E693021C14C0B0013EFA0 /* ShellScript */,
			);
			buildRules = (
				3A0A0D1021B4F7E300E6707C /* PBXBuildRule */,
			);
			dependencies = (
			);
			name = RG2;
			productName = RG2;
			productReference = 3A255BE021B1A1EB002FA07B /* RG2.app */;
			productType = "com.apple.product-type.application";
		};
/* End PBXNativeTarget section */

/* Begin PBXProject section */
		3A255BD821B1A1EB002FA07B /* Project object */ = {
			isa = PBXProject;
			attributes = {
				LastSwiftUpdateCheck = 1010;
				LastUpgradeCheck = 1010;
				ORGANIZATIONNAME = RubicsGuide;
				TargetAttributes = {
					3A255BDF21B1A1EB002FA07B = {
						CreatedOnToolsVersion = 10.1;
					};
				};
			};
			buildConfigurationList = 3A255BDB21B1A1EB002FA07B /* Build configuration list for PBXProject "RG2" */;
			compatibilityVersion = "Xcode 9.3";
			developmentRegion = en;
			hasScannedForEncodings = 0;
			knownRegions = (
				en,
				Base,
			);
			mainGroup = 3A255BD721B1A1EB002FA07B;
			productRefGroup = 3A255BE121B1A1EB002FA07B /* Products */;
			projectDirPath = "";
			projectRoot = "";
			targets = (
				3A255BDF21B1A1EB002FA07B /* RG2 */,
			);
		};
/* End PBXProject section */

/* Begin PBXResourcesBuildPhase section */
		3A255BDE21B1A1EB002FA07B /* Resources */ = {
			isa = PBXResourcesBuildPhase;
			buildActionMask = 2147483647;
			files = (
				3A73E22B21CCD7F3004648F2 /* BasicMoves.storyboard in Resources */,
				3A73E22F21CCE1FB004648F2 /* ListPager.storyboard in Resources */,
				3A255BEE21B1A1EB002FA07B /* LaunchScreen.storyboard in Resources */,
				3A255BEB21B1A1EB002FA07B /* Assets.xcassets in Resources */,
				3A255BE921B1A1EB002FA07B /* Main.storyboard in Resources */,
			);
			runOnlyForDeploymentPostprocessing = 0;
		};
/* End PBXResourcesBuildPhase section */

/* Begin PBXShellScriptBuildPhase section */
		0FF5F709BA29C2B62CA277EF /* [CP] Check Pods Manifest.lock */ = {
			isa = PBXShellScriptBuildPhase;
			buildActionMask = 2147483647;
			files = (
			);
			inputFileListPaths = (
			);
			inputPaths = (
				"${PODS_PODFILE_DIR_PATH}/Podfile.lock",
				"${PODS_ROOT}/Manifest.lock",
			);
			name = "[CP] Check Pods Manifest.lock";
			outputFileListPaths = (
			);
			outputPaths = (
				"$(DERIVED_FILE_DIR)/Pods-RG2-checkManifestLockResult.txt",
			);
			runOnlyForDeploymentPostprocessing = 0;
			shellPath = /bin/sh;
			shellScript = "diff \"${PODS_PODFILE_DIR_PATH}/Podfile.lock\" \"${PODS_ROOT}/Manifest.lock\" > /dev/null\nif [ $? != 0 ] ; then\n    # print error to STDERR\n    echo \"error: The sandbox is not in sync with the Podfile.lock. Run 'pod install' or update your CocoaPods installation.\" >&2\n    exit 1\nfi\n# This output is used by Xcode 'outputs' to avoid re-running this script phase.\necho \"SUCCESS\" > \"${SCRIPT_OUTPUT_FILE_0}\"\n";
			showEnvVarsInLog = 0;
		};
		3A4E693021C14C0B0013EFA0 /* ShellScript */ = {
			isa = PBXShellScriptBuildPhase;
			buildActionMask = 12;
			files = (
			);
			inputFileListPaths = (
			);
			inputPaths = (
			);
			outputFileListPaths = (
			);
			outputPaths = (
			);
			runOnlyForDeploymentPostprocessing = 0;
			shellPath = /bin/sh;
			shellScript = "TAGS=\"TODO:|FIXME:\"\nERRORTAG=\"ERROR:\"\nfind \"${SRCROOT}\" \\( -name \"*.h\" -or -name \"*.m\" -or -name \"*.swift\" \\) -print0 | xargs -0 egrep --with-filename --line-number --only-matching \"($TAGS).*\\$|($ERRORTAG).*\\$\" | perl -p -e \"s/($TAGS)/ warning: \\$1/\" | perl -p -e \"s/($ERRORTAG)/ error: \\$1/\"\n\n";
			showEnvVarsInLog = 0;
		};
		A8C4198E66610A9EB8D20329 /* [CP] Embed Pods Frameworks */ = {
			isa = PBXShellScriptBuildPhase;
			buildActionMask = 2147483647;
			files = (
			);
			inputFileListPaths = (
			);
			inputPaths = (
				"${SRCROOT}/Pods/Target Support Files/Pods-RG2/Pods-RG2-frameworks.sh",
				"${BUILT_PRODUCTS_DIR}/Toast-Swift/Toast_Swift.framework",
				"${BUILT_PRODUCTS_DIR}/YoutubePlayer-in-WKWebView/YoutubePlayer_in_WKWebView.framework",
			);
			name = "[CP] Embed Pods Frameworks";
			outputFileListPaths = (
			);
			outputPaths = (
				"${TARGET_BUILD_DIR}/${FRAMEWORKS_FOLDER_PATH}/Toast_Swift.framework",
				"${TARGET_BUILD_DIR}/${FRAMEWORKS_FOLDER_PATH}/YoutubePlayer_in_WKWebView.framework",
			);
			runOnlyForDeploymentPostprocessing = 0;
			shellPath = /bin/sh;
			shellScript = "\"${SRCROOT}/Pods/Target Support Files/Pods-RG2/Pods-RG2-frameworks.sh\"\n";
			showEnvVarsInLog = 0;
		};
/* End PBXShellScriptBuildPhase section */

/* Begin PBXSourcesBuildPhase section */
		3A255BDC21B1A1EB002FA07B /* Sources */ = {
			isa = PBXSourcesBuildPhase;
			buildActionMask = 2147483647;
			files = (
				3A255BFE21B1BDA5002FA07B /* MainMenu.swift in Sources */,
				3A45FE0B22343E9800DED75E /* Cylinder.swift in Sources */,
				3A66393721D2145100D452D0 /* Cross.swift in Sources */,
				3A4B193821BF9A3500CB6F4D /* ListPagerViewController.swift in Sources */,
				3A25733221C6A6E6002E6EE9 /* LabelExt.swift in Sources */,
				3AB878DE2212DC9500BDF3D1 /* gear.swift in Sources */,
				3A255BFC21B1BD76002FA07B /* Begin3x3.swift in Sources */,
				3A4E692D21C122040013EFA0 /* G2F.swift in Sources */,
				3A66393921D26C9100D452D0 /* IntF2L.swift in Sources */,
				3A1EDE3421FB2292007406C5 /* Container.swift in Sources */,
				3A25733621C6D551002E6EE9 /* UIImageExt.swift in Sources */,
				3A4B193F21BFB66A00CB6F4D /* Blank.swift in Sources */,
				3A362AE021B2EF1E006FEF66 /* PagerItemViewController.swift in Sources */,
				3A1B71DF21CBF6F4002F8EE6 /* BasicTableViewCell.swift in Sources */,
				3A255C0321B1BDFA002FA07B /* ListPagerLab.swift in Sources */,
				3A52C2C421D39BE600DF5E1D /* Pll.swift in Sources */,
				3A04B4C521B94809006642B6 /* MyURLProtocol.swift in Sources */,
				3AD59E2A21F38404007C4888 /* Pentacle.swift in Sources */,
				3A08AF8F21B7BB7B00790759 /* StringExt.swift in Sources */,
				3A6A02DB21CA5B26002D368E /* basic_3x3.swift in Sources */,
				3A6A02E221CA654C002D368E /* BasicMovesViewController.swift in Sources */,
				3A37F1AE21C81E4100A79C8F /* Accel.swift in Sources */,
				3A255BF721B1BA1E002FA07B /* MainTableViewController.swift in Sources */,
				3A9A45632209832800BA1423 /* Fisher.swift in Sources */,
				3A1CE06221DBF53D001677A9 /* Oll.swift in Sources */,
				3A255BF921B1BA32002FA07B /* MainTableViewCell.swift in Sources */,
				3A255BE421B1A1EB002FA07B /* AppDelegate.swift in Sources */,
				3AE124CA2226BCA200524345 /* Prisma.swift in Sources */,
				3A4E692F21C13B220013EFA0 /* Recomendation.swift in Sources */,
				3A25733421C6C2C4002E6EE9 /* Blind.swift in Sources */,
				3AAF1F2421C28F3900FC7632 /* Patterns.swift in Sources */,
				3A04B4C221B8FEE9006642B6 /* Reach.swift in Sources */,
				3A255C0121B1BDDC002FA07B /* ListPager.swift in Sources */,
				3A4B193D21BFB33800CB6F4D /* Rozov3x3.swift in Sources */,
			);
			runOnlyForDeploymentPostprocessing = 0;
		};
/* End PBXSourcesBuildPhase section */

/* Begin PBXVariantGroup section */
		3A255BE721B1A1EB002FA07B /* Main.storyboard */ = {
			isa = PBXVariantGroup;
			children = (
				3A255BE821B1A1EB002FA07B /* Base */,
			);
			name = Main.storyboard;
			sourceTree = "<group>";
		};
		3A255BEC21B1A1EB002FA07B /* LaunchScreen.storyboard */ = {
			isa = PBXVariantGroup;
			children = (
				3A255BED21B1A1EB002FA07B /* Base */,
			);
			name = LaunchScreen.storyboard;
			sourceTree = "<group>";
		};
/* End PBXVariantGroup section */

/* Begin XCBuildConfiguration section */
		3A255BF021B1A1EB002FA07B /* Debug */ = {
			isa = XCBuildConfiguration;
			buildSettings = {
				ALWAYS_SEARCH_USER_PATHS = NO;
				CLANG_ANALYZER_NONNULL = YES;
				CLANG_ANALYZER_NUMBER_OBJECT_CONVERSION = YES_AGGRESSIVE;
				CLANG_CXX_LANGUAGE_STANDARD = "gnu++14";
				CLANG_CXX_LIBRARY = "libc++";
				CLANG_ENABLE_MODULES = YES;
				CLANG_ENABLE_OBJC_ARC = YES;
				CLANG_ENABLE_OBJC_WEAK = YES;
				CLANG_WARN_BLOCK_CAPTURE_AUTORELEASING = YES;
				CLANG_WARN_BOOL_CONVERSION = YES;
				CLANG_WARN_COMMA = YES;
				CLANG_WARN_CONSTANT_CONVERSION = YES;
				CLANG_WARN_DEPRECATED_OBJC_IMPLEMENTATIONS = YES;
				CLANG_WARN_DIRECT_OBJC_ISA_USAGE = YES_ERROR;
				CLANG_WARN_DOCUMENTATION_COMMENTS = YES;
				CLANG_WARN_EMPTY_BODY = YES;
				CLANG_WARN_ENUM_CONVERSION = YES;
				CLANG_WARN_INFINITE_RECURSION = YES;
				CLANG_WARN_INT_CONVERSION = YES;
				CLANG_WARN_NON_LITERAL_NULL_CONVERSION = YES;
				CLANG_WARN_OBJC_IMPLICIT_RETAIN_SELF = YES;
				CLANG_WARN_OBJC_LITERAL_CONVERSION = YES;
				CLANG_WARN_OBJC_ROOT_CLASS = YES_ERROR;
				CLANG_WARN_RANGE_LOOP_ANALYSIS = YES;
				CLANG_WARN_STRICT_PROTOTYPES = YES;
				CLANG_WARN_SUSPICIOUS_MOVE = YES;
				CLANG_WARN_UNGUARDED_AVAILABILITY = YES_AGGRESSIVE;
				CLANG_WARN_UNREACHABLE_CODE = YES;
				CLANG_WARN__DUPLICATE_METHOD_MATCH = YES;
				CODE_SIGN_IDENTITY = "iPhone Developer";
				COPY_PHASE_STRIP = NO;
				DEBUG_INFORMATION_FORMAT = dwarf;
				ENABLE_STRICT_OBJC_MSGSEND = YES;
				ENABLE_TESTABILITY = YES;
				GCC_C_LANGUAGE_STANDARD = gnu11;
				GCC_DYNAMIC_NO_PIC = NO;
				GCC_NO_COMMON_BLOCKS = YES;
				GCC_OPTIMIZATION_LEVEL = 0;
				GCC_PREPROCESSOR_DEFINITIONS = (
					"DEBUG=1",
					"$(inherited)",
				);
				GCC_WARN_64_TO_32_BIT_CONVERSION = YES;
				GCC_WARN_ABOUT_RETURN_TYPE = YES_ERROR;
				GCC_WARN_UNDECLARED_SELECTOR = YES;
				GCC_WARN_UNINITIALIZED_AUTOS = YES_AGGRESSIVE;
				GCC_WARN_UNUSED_FUNCTION = YES;
				GCC_WARN_UNUSED_VARIABLE = YES;
				IPHONEOS_DEPLOYMENT_TARGET = 12.1;
				MTL_ENABLE_DEBUG_INFO = INCLUDE_SOURCE;
				MTL_FAST_MATH = YES;
				ONLY_ACTIVE_ARCH = YES;
				SDKROOT = iphoneos;
				SWIFT_ACTIVE_COMPILATION_CONDITIONS = DEBUG;
				SWIFT_OPTIMIZATION_LEVEL = "-Onone";
			};
			name = Debug;
		};
		3A255BF121B1A1EB002FA07B /* Release */ = {
			isa = XCBuildConfiguration;
			buildSettings = {
				ALWAYS_SEARCH_USER_PATHS = NO;
				CLANG_ANALYZER_NONNULL = YES;
				CLANG_ANALYZER_NUMBER_OBJECT_CONVERSION = YES_AGGRESSIVE;
				CLANG_CXX_LANGUAGE_STANDARD = "gnu++14";
				CLANG_CXX_LIBRARY = "libc++";
				CLANG_ENABLE_MODULES = YES;
				CLANG_ENABLE_OBJC_ARC = YES;
				CLANG_ENABLE_OBJC_WEAK = YES;
				CLANG_WARN_BLOCK_CAPTURE_AUTORELEASING = YES;
				CLANG_WARN_BOOL_CONVERSION = YES;
				CLANG_WARN_COMMA = YES;
				CLANG_WARN_CONSTANT_CONVERSION = YES;
				CLANG_WARN_DEPRECATED_OBJC_IMPLEMENTATIONS = YES;
				CLANG_WARN_DIRECT_OBJC_ISA_USAGE = YES_ERROR;
				CLANG_WARN_DOCUMENTATION_COMMENTS = YES;
				CLANG_WARN_EMPTY_BODY = YES;
				CLANG_WARN_ENUM_CONVERSION = YES;
				CLANG_WARN_INFINITE_RECURSION = YES;
				CLANG_WARN_INT_CONVERSION = YES;
				CLANG_WARN_NON_LITERAL_NULL_CONVERSION = YES;
				CLANG_WARN_OBJC_IMPLICIT_RETAIN_SELF = YES;
				CLANG_WARN_OBJC_LITERAL_CONVERSION = YES;
				CLANG_WARN_OBJC_ROOT_CLASS = YES_ERROR;
				CLANG_WARN_RANGE_LOOP_ANALYSIS = YES;
				CLANG_WARN_STRICT_PROTOTYPES = YES;
				CLANG_WARN_SUSPICIOUS_MOVE = YES;
				CLANG_WARN_UNGUARDED_AVAILABILITY = YES_AGGRESSIVE;
				CLANG_WARN_UNREACHABLE_CODE = YES;
				CLANG_WARN__DUPLICATE_METHOD_MATCH = YES;
				CODE_SIGN_IDENTITY = "iPhone Developer";
				COPY_PHASE_STRIP = NO;
				DEBUG_INFORMATION_FORMAT = "dwarf-with-dsym";
				ENABLE_NS_ASSERTIONS = NO;
				ENABLE_STRICT_OBJC_MSGSEND = YES;
				GCC_C_LANGUAGE_STANDARD = gnu11;
				GCC_NO_COMMON_BLOCKS = YES;
				GCC_WARN_64_TO_32_BIT_CONVERSION = YES;
				GCC_WARN_ABOUT_RETURN_TYPE = YES_ERROR;
				GCC_WARN_UNDECLARED_SELECTOR = YES;
				GCC_WARN_UNINITIALIZED_AUTOS = YES_AGGRESSIVE;
				GCC_WARN_UNUSED_FUNCTION = YES;
				GCC_WARN_UNUSED_VARIABLE = YES;
				IPHONEOS_DEPLOYMENT_TARGET = 12.1;
				MTL_ENABLE_DEBUG_INFO = NO;
				MTL_FAST_MATH = YES;
				SDKROOT = iphoneos;
				SWIFT_COMPILATION_MODE = wholemodule;
				SWIFT_OPTIMIZATION_LEVEL = "-O";
				VALIDATE_PRODUCT = YES;
			};
			name = Release;
		};
		3A255BF321B1A1EB002FA07B /* Debug */ = {
			isa = XCBuildConfiguration;
			baseConfigurationReference = E7723AC2BA69F48D95FE7BA9 /* Pods-RG2.debug.xcconfig */;
			buildSettings = {
				ASSETCATALOG_COMPILER_APPICON_NAME = AppIcon;
				CODE_SIGN_STYLE = Automatic;
				DEVELOPMENT_TEAM = 84JS29HZCB;
				INFOPLIST_FILE = RG2/Info.plist;
				LD_RUNPATH_SEARCH_PATHS = (
					"$(inherited)",
					"@executable_path/Frameworks",
				);
				PRODUCT_BUNDLE_IDENTIFIER = ru.tohaman.RG2;
				PRODUCT_NAME = "$(TARGET_NAME)";
				SWIFT_VERSION = 4.2;
				TARGETED_DEVICE_FAMILY = "1,2";
			};
			name = Debug;
		};
		3A255BF421B1A1EB002FA07B /* Release */ = {
			isa = XCBuildConfiguration;
			baseConfigurationReference = F57566168E6668C69C9AE973 /* Pods-RG2.release.xcconfig */;
			buildSettings = {
				ASSETCATALOG_COMPILER_APPICON_NAME = AppIcon;
				CODE_SIGN_STYLE = Automatic;
				DEVELOPMENT_TEAM = 84JS29HZCB;
				INFOPLIST_FILE = RG2/Info.plist;
				LD_RUNPATH_SEARCH_PATHS = (
					"$(inherited)",
					"@executable_path/Frameworks",
				);
				PRODUCT_BUNDLE_IDENTIFIER = ru.tohaman.RG2;
				PRODUCT_NAME = "$(TARGET_NAME)";
				SWIFT_VERSION = 4.2;
				TARGETED_DEVICE_FAMILY = "1,2";
			};
			name = Release;
		};
/* End XCBuildConfiguration section */

/* Begin XCConfigurationList section */
		3A255BDB21B1A1EB002FA07B /* Build configuration list for PBXProject "RG2" */ = {
			isa = XCConfigurationList;
			buildConfigurations = (
				3A255BF021B1A1EB002FA07B /* Debug */,
				3A255BF121B1A1EB002FA07B /* Release */,
			);
			defaultConfigurationIsVisible = 0;
			defaultConfigurationName = Release;
		};
		3A255BF221B1A1EB002FA07B /* Build configuration list for PBXNativeTarget "RG2" */ = {
			isa = XCConfigurationList;
			buildConfigurations = (
				3A255BF321B1A1EB002FA07B /* Debug */,
				3A255BF421B1A1EB002FA07B /* Release */,
			);
			defaultConfigurationIsVisible = 0;
			defaultConfigurationName = Release;
		};
/* End XCConfigurationList section */
	};
	rootObject = 3A255BD821B1A1EB002FA07B /* Project object */;
}
